
Microsoft Visual Studio Solution File, Format Version 12.00
# Visual Studio Version 16
VisualStudioVersion = 16.0.35229.62
MinimumVisualStudioVersion = 10.0.40219.1
Project("{FAE04EC0-301F-11D3-BF4B-00C04F79EFBC}") = "konyvek", "konyvek\konyvek.csproj", "{F4C2150F-BAC5-4E20-854D-CD1C499FE171}"
EndProject
Global
	GlobalSection(SolutionConfigurationPlatforms) = preSolution
		Debug|Any CPU = Debug|Any CPU
		Release|Any CPU = Release|Any CPU
	EndGlobalSection
	GlobalSection(ProjectConfigurationPlatforms) = postSolution
		{F4C2150F-BAC5-4E20-854D-CD1C499FE171}.Debug|Any CPU.ActiveCfg = Debug|Any CPU
		{F4C2150F-BAC5-4E20-854D-CD1C499FE171}.Debug|Any CPU.Build.0 = Debug|Any CPU
		{F4C2150F-BAC5-4E20-854D-CD1C499FE171}.Release|Any CPU.ActiveCfg = Release|Any CPU
		{F4C2150F-BAC5-4E20-854D-CD1C499FE171}.Release|Any CPU.Build.0 = Release|Any CPU
	EndGlobalSection
	GlobalSection(SolutionProperties) = preSolution
		HideSolutionNode = FALSE
	EndGlobalSection
	GlobalSection(ExtensibilityGlobals) = postSolution
		SolutionGuid = {E16D27AF-A8BE-40EF-86E1-B9AD44395975}
	EndGlobalSection
EndGlobal
