
Microsoft Visual Studio Solution File, Format Version 12.00
# Visual Studio Version 16
VisualStudioVersion = 16.0.33927.289
MinimumVisualStudioVersion = 10.0.40219.1
Project("{FAE04EC0-301F-11D3-BF4B-00C04F79EFBC}") = "Projekt_10", "Projekt_10\Projekt_10.csproj", "{774809FF-A305-4A37-9725-100D28FB077E}"
EndProject
Global
	GlobalSection(SolutionConfigurationPlatforms) = preSolution
		Debug|Any CPU = Debug|Any CPU
		Release|Any CPU = Release|Any CPU
	EndGlobalSection
	GlobalSection(ProjectConfigurationPlatforms) = postSolution
		{774809FF-A305-4A37-9725-100D28FB077E}.Debug|Any CPU.ActiveCfg = Debug|Any CPU
		{774809FF-A305-4A37-9725-100D28FB077E}.Debug|Any CPU.Build.0 = Debug|Any CPU
		{774809FF-A305-4A37-9725-100D28FB077E}.Release|Any CPU.ActiveCfg = Release|Any CPU
		{774809FF-A305-4A37-9725-100D28FB077E}.Release|Any CPU.Build.0 = Release|Any CPU
	EndGlobalSection
	GlobalSection(SolutionProperties) = preSolution
		HideSolutionNode = FALSE
	EndGlobalSection
	GlobalSection(ExtensibilityGlobals) = postSolution
		SolutionGuid = {4DF8D42C-6312-4F51-B97E-3D6054C806E9}
	EndGlobalSection
EndGlobal
