
Microsoft Visual Studio Solution File, Format Version 12.00
# Visual Studio Version 16
VisualStudioVersion = 16.0.33927.289
MinimumVisualStudioVersion = 10.0.40219.1
Project("{FAE04EC0-301F-11D3-BF4B-00C04F79EFBC}") = "gyakorlas_5", "gyakorlas_5\gyakorlas_5.csproj", "{36708E2E-1AAC-4264-A45F-21062DA3B1B0}"
EndProject
Global
	GlobalSection(SolutionConfigurationPlatforms) = preSolution
		Debug|Any CPU = Debug|Any CPU
		Release|Any CPU = Release|Any CPU
	EndGlobalSection
	GlobalSection(ProjectConfigurationPlatforms) = postSolution
		{36708E2E-1AAC-4264-A45F-21062DA3B1B0}.Debug|Any CPU.ActiveCfg = Debug|Any CPU
		{36708E2E-1AAC-4264-A45F-21062DA3B1B0}.Debug|Any CPU.Build.0 = Debug|Any CPU
		{36708E2E-1AAC-4264-A45F-21062DA3B1B0}.Release|Any CPU.ActiveCfg = Release|Any CPU
		{36708E2E-1AAC-4264-A45F-21062DA3B1B0}.Release|Any CPU.Build.0 = Release|Any CPU
	EndGlobalSection
	GlobalSection(SolutionProperties) = preSolution
		HideSolutionNode = FALSE
	EndGlobalSection
	GlobalSection(ExtensibilityGlobals) = postSolution
		SolutionGuid = {D69EE0F1-829D-421E-848F-2D5FC3166EB3}
	EndGlobalSection
EndGlobal
