
Microsoft Visual Studio Solution File, Format Version 12.00
# Visual Studio Version 16
VisualStudioVersion = 16.0.34114.132
MinimumVisualStudioVersion = 10.0.40219.1
Project("{FAE04EC0-301F-11D3-BF4B-00C04F79EFBC}") = "idk", "idk\idk.csproj", "{12CFC9A5-5503-4942-BA44-C48492E15BBC}"
EndProject
Global
	GlobalSection(SolutionConfigurationPlatforms) = preSolution
		Debug|Any CPU = Debug|Any CPU
		Release|Any CPU = Release|Any CPU
	EndGlobalSection
	GlobalSection(ProjectConfigurationPlatforms) = postSolution
		{12CFC9A5-5503-4942-BA44-C48492E15BBC}.Debug|Any CPU.ActiveCfg = Debug|Any CPU
		{12CFC9A5-5503-4942-BA44-C48492E15BBC}.Debug|Any CPU.Build.0 = Debug|Any CPU
		{12CFC9A5-5503-4942-BA44-C48492E15BBC}.Release|Any CPU.ActiveCfg = Release|Any CPU
		{12CFC9A5-5503-4942-BA44-C48492E15BBC}.Release|Any CPU.Build.0 = Release|Any CPU
	EndGlobalSection
	GlobalSection(SolutionProperties) = preSolution
		HideSolutionNode = FALSE
	EndGlobalSection
	GlobalSection(ExtensibilityGlobals) = postSolution
		SolutionGuid = {F430CC7B-9BDF-4A3B-8470-724BA481F6FC}
	EndGlobalSection
EndGlobal
