
Microsoft Visual Studio Solution File, Format Version 12.00
# Visual Studio Version 16
VisualStudioVersion = 16.0.34031.81
MinimumVisualStudioVersion = 10.0.40219.1
Project("{FAE04EC0-301F-11D3-BF4B-00C04F79EFBC}") = "Gyak_4", "Gyak_4\Gyak_4.csproj", "{7147640D-29CB-4099-90C0-0D72638C56F3}"
EndProject
Global
	GlobalSection(SolutionConfigurationPlatforms) = preSolution
		Debug|Any CPU = Debug|Any CPU
		Release|Any CPU = Release|Any CPU
	EndGlobalSection
	GlobalSection(ProjectConfigurationPlatforms) = postSolution
		{7147640D-29CB-4099-90C0-0D72638C56F3}.Debug|Any CPU.ActiveCfg = Debug|Any CPU
		{7147640D-29CB-4099-90C0-0D72638C56F3}.Debug|Any CPU.Build.0 = Debug|Any CPU
		{7147640D-29CB-4099-90C0-0D72638C56F3}.Release|Any CPU.ActiveCfg = Release|Any CPU
		{7147640D-29CB-4099-90C0-0D72638C56F3}.Release|Any CPU.Build.0 = Release|Any CPU
	EndGlobalSection
	GlobalSection(SolutionProperties) = preSolution
		HideSolutionNode = FALSE
	EndGlobalSection
	GlobalSection(ExtensibilityGlobals) = postSolution
		SolutionGuid = {3BA8AB90-AFA2-419B-A781-9ECD0C0AA1CF}
	EndGlobalSection
EndGlobal
