
Microsoft Visual Studio Solution File, Format Version 12.00
# Visual Studio Version 16
VisualStudioVersion = 16.0.34114.132
MinimumVisualStudioVersion = 10.0.40219.1
Project("{FAE04EC0-301F-11D3-BF4B-00C04F79EFBC}") = "Fáujlkezelés_gyak_2024.04.04", "Fáujlkezelés_gyak_2024.04.04\Fáujlkezelés_gyak_2024.04.04.csproj", "{C99E8340-CD7C-41AE-8B88-CC4A243CCF7A}"
EndProject
Global
	GlobalSection(SolutionConfigurationPlatforms) = preSolution
		Debug|Any CPU = Debug|Any CPU
		Release|Any CPU = Release|Any CPU
	EndGlobalSection
	GlobalSection(ProjectConfigurationPlatforms) = postSolution
		{C99E8340-CD7C-41AE-8B88-CC4A243CCF7A}.Debug|Any CPU.ActiveCfg = Debug|Any CPU
		{C99E8340-CD7C-41AE-8B88-CC4A243CCF7A}.Debug|Any CPU.Build.0 = Debug|Any CPU
		{C99E8340-CD7C-41AE-8B88-CC4A243CCF7A}.Release|Any CPU.ActiveCfg = Release|Any CPU
		{C99E8340-CD7C-41AE-8B88-CC4A243CCF7A}.Release|Any CPU.Build.0 = Release|Any CPU
	EndGlobalSection
	GlobalSection(SolutionProperties) = preSolution
		HideSolutionNode = FALSE
	EndGlobalSection
	GlobalSection(ExtensibilityGlobals) = postSolution
		SolutionGuid = {5026A7E0-0577-413C-A93C-6DB6074EDAA7}
	EndGlobalSection
EndGlobal
