
Microsoft Visual Studio Solution File, Format Version 12.00
# Visual Studio Version 17
VisualStudioVersion = 17.14.36603.0 d17.14
MinimumVisualStudioVersion = 10.0.40219.1
Project("{FAE04EC0-301F-11D3-BF4B-00C04F79EFBC}") = "20251018_DKÉ_autok", "20251018_DKÉ_autok\20251018_DKÉ_autok.csproj", "{BEC3BC75-935F-4A2E-8662-1FC400C580D6}"
EndProject
Global
	GlobalSection(SolutionConfigurationPlatforms) = preSolution
		Debug|Any CPU = Debug|Any CPU
		Release|Any CPU = Release|Any CPU
	EndGlobalSection
	GlobalSection(ProjectConfigurationPlatforms) = postSolution
		{BEC3BC75-935F-4A2E-8662-1FC400C580D6}.Debug|Any CPU.ActiveCfg = Debug|Any CPU
		{BEC3BC75-935F-4A2E-8662-1FC400C580D6}.Debug|Any CPU.Build.0 = Debug|Any CPU
		{BEC3BC75-935F-4A2E-8662-1FC400C580D6}.Release|Any CPU.ActiveCfg = Release|Any CPU
		{BEC3BC75-935F-4A2E-8662-1FC400C580D6}.Release|Any CPU.Build.0 = Release|Any CPU
	EndGlobalSection
	GlobalSection(SolutionProperties) = preSolution
		HideSolutionNode = FALSE
	EndGlobalSection
	GlobalSection(ExtensibilityGlobals) = postSolution
		SolutionGuid = {C01275AC-8B2F-47D3-9A57-4E54CED89E96}
	EndGlobalSection
EndGlobal
