
Microsoft Visual Studio Solution File, Format Version 12.00
# Visual Studio Version 16
VisualStudioVersion = 16.0.34114.132
MinimumVisualStudioVersion = 10.0.40219.1
Project("{FAE04EC0-301F-11D3-BF4B-00C04F79EFBC}") = "Gyak_10", "Gyak_10\Gyak_10.csproj", "{EF66E70A-1006-42A0-9629-67899CA90EC6}"
EndProject
Global
	GlobalSection(SolutionConfigurationPlatforms) = preSolution
		Debug|Any CPU = Debug|Any CPU
		Release|Any CPU = Release|Any CPU
	EndGlobalSection
	GlobalSection(ProjectConfigurationPlatforms) = postSolution
		{EF66E70A-1006-42A0-9629-67899CA90EC6}.Debug|Any CPU.ActiveCfg = Debug|Any CPU
		{EF66E70A-1006-42A0-9629-67899CA90EC6}.Debug|Any CPU.Build.0 = Debug|Any CPU
		{EF66E70A-1006-42A0-9629-67899CA90EC6}.Release|Any CPU.ActiveCfg = Release|Any CPU
		{EF66E70A-1006-42A0-9629-67899CA90EC6}.Release|Any CPU.Build.0 = Release|Any CPU
	EndGlobalSection
	GlobalSection(SolutionProperties) = preSolution
		HideSolutionNode = FALSE
	EndGlobalSection
	GlobalSection(ExtensibilityGlobals) = postSolution
		SolutionGuid = {8F33F9B6-7560-44EE-B9F5-19133E374DFA}
	EndGlobalSection
EndGlobal
