
Microsoft Visual Studio Solution File, Format Version 12.00
# Visual Studio Version 16
VisualStudioVersion = 16.0.34601.136
MinimumVisualStudioVersion = 10.0.40219.1
Project("{FAE04EC0-301F-11D3-BF4B-00C04F79EFBC}") = "VizibicikliKolcsonzo", "VizibicikliKolcsonzo\VizibicikliKolcsonzo.csproj", "{D839630F-244B-4E15-8C8C-6B360752ADCF}"
EndProject
Global
	GlobalSection(SolutionConfigurationPlatforms) = preSolution
		Debug|Any CPU = Debug|Any CPU
		Release|Any CPU = Release|Any CPU
	EndGlobalSection
	GlobalSection(ProjectConfigurationPlatforms) = postSolution
		{D839630F-244B-4E15-8C8C-6B360752ADCF}.Debug|Any CPU.ActiveCfg = Debug|Any CPU
		{D839630F-244B-4E15-8C8C-6B360752ADCF}.Debug|Any CPU.Build.0 = Debug|Any CPU
		{D839630F-244B-4E15-8C8C-6B360752ADCF}.Release|Any CPU.ActiveCfg = Release|Any CPU
		{D839630F-244B-4E15-8C8C-6B360752ADCF}.Release|Any CPU.Build.0 = Release|Any CPU
	EndGlobalSection
	GlobalSection(SolutionProperties) = preSolution
		HideSolutionNode = FALSE
	EndGlobalSection
	GlobalSection(ExtensibilityGlobals) = postSolution
		SolutionGuid = {08CDA35E-F392-459E-ABF4-CBE56FD9F172}
	EndGlobalSection
EndGlobal
