
Microsoft Visual Studio Solution File, Format Version 12.00
# Visual Studio Version 16
VisualStudioVersion = 16.0.35130.168
MinimumVisualStudioVersion = 10.0.40219.1
Project("{FAE04EC0-301F-11D3-BF4B-00C04F79EFBC}") = "20240929_gyak_kosarlabda", "20240929_gyak_kosarlabda\20240929_gyak_kosarlabda.csproj", "{FD570DE0-A90D-46EC-9F52-25E843244E88}"
EndProject
Global
	GlobalSection(SolutionConfigurationPlatforms) = preSolution
		Debug|Any CPU = Debug|Any CPU
		Release|Any CPU = Release|Any CPU
	EndGlobalSection
	GlobalSection(ProjectConfigurationPlatforms) = postSolution
		{FD570DE0-A90D-46EC-9F52-25E843244E88}.Debug|Any CPU.ActiveCfg = Debug|Any CPU
		{FD570DE0-A90D-46EC-9F52-25E843244E88}.Debug|Any CPU.Build.0 = Debug|Any CPU
		{FD570DE0-A90D-46EC-9F52-25E843244E88}.Release|Any CPU.ActiveCfg = Release|Any CPU
		{FD570DE0-A90D-46EC-9F52-25E843244E88}.Release|Any CPU.Build.0 = Release|Any CPU
	EndGlobalSection
	GlobalSection(SolutionProperties) = preSolution
		HideSolutionNode = FALSE
	EndGlobalSection
	GlobalSection(ExtensibilityGlobals) = postSolution
		SolutionGuid = {263ABDB8-7712-4DEB-BBCA-9B5783ABB886}
	EndGlobalSection
EndGlobal
